{
  "name": "teamable-app",
  "lockfileVersion": 3,
  "requires": true,
  "packages": {
    "": {
      "dependencies": {
        "Datepicker.js": "0.1.1",
        "string": "3.3.3",
        "validator": "13.15.0"
      }
    },
    "node_modules/Datepicker.js": {
      "version": "0.1.1",
      "resolved": "https://registry.npmjs.org/Datepicker.js/-/Datepicker.js-0.1.1.tgz",
      "integrity": "sha512-kY1rEpj63fOZCIoz7FYybcCyb3k8qctuHnluJDgosVwoLMpfZqFGXhmj2OcEM52LGdo1E9sVLH2zF91RnPMAyw==",
      "license": "MIT"
    },
    "node_modules/string": {
      "version": "3.3.3",
      "resolved": "https://registry.npmjs.org/string/-/string-3.3.3.tgz",
      "integrity": "sha512-LbvprpPZT/39QKfNrlPX9vXtS7If80vqbPQ7clnHQb5oVOM5hz/cs3iQCCZjvQDwsAWl+HpLQX3gRgN6IC8t3g==",
      "license": "MIT"
    },
    "node_modules/validator": {
      "version": "13.15.0",
      "resolved": "https://registry.npmjs.org/validator/-/validator-13.15.0.tgz",
      "integrity": "sha512-36B2ryl4+oL5QxZ3AzD0t5SsMNGvTtQHpjgFO5tbNxfXbMFkY822ktCDe1MnlqV3301QQI9SLHDNJokDI+Z9pA==",
      "license": "MIT",
      "engines": {
        "node": ">= 0.10"
      }
    }
  }
}
